// !$*UTF8*$!
{
	archiveVersion = 1;
	classes = {
	};
	objectVersion = 51;
	objects = {

/* Begin PBXBuildFile section */
		2D1533CF401734F5C11B5AB9 /* Pods_TESTS.framework in Frameworks */ = {isa = PBXBuildFile; fileRef = AA54044FF1003BB8137B6EBC /* Pods_TESTS.framework */; };
		3D24797A24A587DB00D6FE43 /* Person.swift in Sources */ = {isa = PBXBuildFile; fileRef = 3D24797924A587DB00D6FE43 /* Person.swift */; };
		3D24797C24A587EA00D6FE43 /* Student.swift in Sources */ = {isa = PBXBuildFile; fileRef = 3D24797B24A587EA00D6FE43 /* Student.swift */; };
		3DDF72ED23D3D4C6002E3DCA /* AppDelegate.swift in Sources */ = {isa = PBXBuildFile; fileRef = 3DDF72EC23D3D4C6002E3DCA /* AppDelegate.swift */; };
		3DDF72EF23D3D4C6002E3DCA /* SceneDelegate.swift in Sources */ = {isa = PBXBuildFile; fileRef = 3DDF72EE23D3D4C6002E3DCA /* SceneDelegate.swift */; };
		3DDF72F123D3D4C6002E3DCA /* ViewController.swift in Sources */ = {isa = PBXBuildFile; fileRef = 3DDF72F023D3D4C6002E3DCA /* ViewController.swift */; };
		3DDF72F423D3D4C6002E3DCA /* Main.storyboard in Resources */ = {isa = PBXBuildFile; fileRef = 3DDF72F223D3D4C6002E3DCA /* Main.storyboard */; };
		3DDF72F723D3D4C6002E3DCA /* TESTS.xcdatamodeld in Sources */ = {isa = PBXBuildFile; fileRef = 3DDF72F523D3D4C6002E3DCA /* TESTS.xcdatamodeld */; };
		3DDF72F923D3D4C7002E3DCA /* Assets.xcassets in Resources */ = {isa = PBXBuildFile; fileRef = 3DDF72F823D3D4C7002E3DCA /* Assets.xcassets */; };
		3DDF72FC23D3D4C7002E3DCA /* LaunchScreen.storyboard in Resources */ = {isa = PBXBuildFile; fileRef = 3DDF72FA23D3D4C7002E3DCA /* LaunchScreen.storyboard */; };
		3DDF730723D3D4C7002E3DCA /* TESTSTests.swift in Sources */ = {isa = PBXBuildFile; fileRef = 3DDF730623D3D4C7002E3DCA /* TESTSTests.swift */; };
		3DDF731223D3D4C8002E3DCA /* TESTSUITests.swift in Sources */ = {isa = PBXBuildFile; fileRef = 3DDF731123D3D4C8002E3DCA /* TESTSUITests.swift */; };
		7E41E307B049E84FC5F52016 /* Pods_TESTS_TESTSUITests.framework in Frameworks */ = {isa = PBXBuildFile; fileRef = 46AD73308D5B9679CE8BEC1B /* Pods_TESTS_TESTSUITests.framework */; };
		E8F843D464B2E88F7D7F8852 /* Pods_TESTSTests.framework in Frameworks */ = {isa = PBXBuildFile; fileRef = 0325F001A9C4C6345B23AAB9 /* Pods_TESTSTests.framework */; };
/* End PBXBuildFile section */

/* Begin PBXContainerItemProxy section */
		3DDF730323D3D4C7002E3DCA /* PBXContainerItemProxy */ = {
			isa = PBXContainerItemProxy;
			containerPortal = 3DDF72E123D3D4C6002E3DCA /* Project object */;
			proxyType = 1;
			remoteGlobalIDString = 3DDF72E823D3D4C6002E3DCA;
			remoteInfo = TESTS;
		};
		3DDF730E23D3D4C8002E3DCA /* PBXContainerItemProxy */ = {
			isa = PBXContainerItemProxy;
			containerPortal = 3DDF72E123D3D4C6002E3DCA /* Project object */;
			proxyType = 1;
			remoteGlobalIDString = 3DDF72E823D3D4C6002E3DCA;
			remoteInfo = TESTS;
		};
/* End PBXContainerItemProxy section */

/* Begin PBXFileReference section */
		0325F001A9C4C6345B23AAB9 /* Pods_TESTSTests.framework */ = {isa = PBXFileReference; explicitFileType = wrapper.framework; includeInIndex = 0; path = Pods_TESTSTests.framework; sourceTree = BUILT_PRODUCTS_DIR; };
		22A8EB3D97C5940096429FF6 /* Pods-TESTSTests.release.xcconfig */ = {isa = PBXFileReference; includeInIndex = 1; lastKnownFileType = text.xcconfig; name = "Pods-TESTSTests.release.xcconfig"; path = "Target Support Files/Pods-TESTSTests/Pods-TESTSTests.release.xcconfig"; sourceTree = "<group>"; };
		3CC64380F0355526E2CA8AC7 /* Pods-TESTS-TESTSUITests.release.xcconfig */ = {isa = PBXFileReference; includeInIndex = 1; lastKnownFileType = text.xcconfig; name = "Pods-TESTS-TESTSUITests.release.xcconfig"; path = "Target Support Files/Pods-TESTS-TESTSUITests/Pods-TESTS-TESTSUITests.release.xcconfig"; sourceTree = "<group>"; };
		3D24797924A587DB00D6FE43 /* Person.swift */ = {isa = PBXFileReference; lastKnownFileType = sourcecode.swift; path = Person.swift; sourceTree = "<group>"; };
		3D24797B24A587EA00D6FE43 /* Student.swift */ = {isa = PBXFileReference; lastKnownFileType = sourcecode.swift; path = Student.swift; sourceTree = "<group>"; };
		3DDF72E923D3D4C6002E3DCA /* TESTS.app */ = {isa = PBXFileReference; explicitFileType = wrapper.application; includeInIndex = 0; path = TESTS.app; sourceTree = BUILT_PRODUCTS_DIR; };
		3DDF72EC23D3D4C6002E3DCA /* AppDelegate.swift */ = {isa = PBXFileReference; lastKnownFileType = sourcecode.swift; path = AppDelegate.swift; sourceTree = "<group>"; };
		3DDF72EE23D3D4C6002E3DCA /* SceneDelegate.swift */ = {isa = PBXFileReference; lastKnownFileType = sourcecode.swift; path = SceneDelegate.swift; sourceTree = "<group>"; };
		3DDF72F023D3D4C6002E3DCA /* ViewController.swift */ = {isa = PBXFileReference; lastKnownFileType = sourcecode.swift; path = ViewController.swift; sourceTree = "<group>"; };
		3DDF72F323D3D4C6002E3DCA /* Base */ = {isa = PBXFileReference; lastKnownFileType = file.storyboard; name = Base; path = Base.lproj/Main.storyboard; sourceTree = "<group>"; };
		3DDF72F623D3D4C6002E3DCA /* TESTS.xcdatamodel */ = {isa = PBXFileReference; lastKnownFileType = wrapper.xcdatamodel; path = TESTS.xcdatamodel; sourceTree = "<group>"; };
		3DDF72F823D3D4C7002E3DCA /* Assets.xcassets */ = {isa = PBXFileReference; lastKnownFileType = folder.assetcatalog; path = Assets.xcassets; sourceTree = "<group>"; };
		3DDF72FB23D3D4C7002E3DCA /* Base */ = {isa = PBXFileReference; lastKnownFileType = file.storyboard; name = Base; path = Base.lproj/LaunchScreen.storyboard; sourceTree = "<group>"; };
		3DDF72FD23D3D4C7002E3DCA /* Info.plist */ = {isa = PBXFileReference; lastKnownFileType = text.plist.xml; path = Info.plist; sourceTree = "<group>"; };
		3DDF730223D3D4C7002E3DCA /* TESTSTests.xctest */ = {isa = PBXFileReference; explicitFileType = wrapper.cfbundle; includeInIndex = 0; path = TESTSTests.xctest; sourceTree = BUILT_PRODUCTS_DIR; };
		3DDF730623D3D4C7002E3DCA /* TESTSTests.swift */ = {isa = PBXFileReference; lastKnownFileType = sourcecode.swift; path = TESTSTests.swift; sourceTree = "<group>"; };
		3DDF730823D3D4C8002E3DCA /* Info.plist */ = {isa = PBXFileReference; lastKnownFileType = text.plist.xml; path = Info.plist; sourceTree = "<group>"; };
		3DDF730D23D3D4C8002E3DCA /* TESTSUITests.xctest */ = {isa = PBXFileReference; explicitFileType = wrapper.cfbundle; includeInIndex = 0; path = TESTSUITests.xctest; sourceTree = BUILT_PRODUCTS_DIR; };
		3DDF731123D3D4C8002E3DCA /* TESTSUITests.swift */ = {isa = PBXFileReference; lastKnownFileType = sourcecode.swift; path = TESTSUITests.swift; sourceTree = "<group>"; };
		3DDF731323D3D4C8002E3DCA /* Info.plist */ = {isa = PBXFileReference; lastKnownFileType = text.plist.xml; path = Info.plist; sourceTree = "<group>"; };
		46AD73308D5B9679CE8BEC1B /* Pods_TESTS_TESTSUITests.framework */ = {isa = PBXFileReference; explicitFileType = wrapper.framework; includeInIndex = 0; path = Pods_TESTS_TESTSUITests.framework; sourceTree = BUILT_PRODUCTS_DIR; };
		70D9DC124B30E8271C88F6F2 /* Pods-TESTS.release.xcconfig */ = {isa = PBXFileReference; includeInIndex = 1; lastKnownFileType = text.xcconfig; name = "Pods-TESTS.release.xcconfig"; path = "Target Support Files/Pods-TESTS/Pods-TESTS.release.xcconfig"; sourceTree = "<group>"; };
		AA54044FF1003BB8137B6EBC /* Pods_TESTS.framework */ = {isa = PBXFileReference; explicitFileType = wrapper.framework; includeInIndex = 0; path = Pods_TESTS.framework; sourceTree = BUILT_PRODUCTS_DIR; };
		C8A29E5C939D7B52B537C43C /* Pods-TESTS.debug.xcconfig */ = {isa = PBXFileReference; includeInIndex = 1; lastKnownFileType = text.xcconfig; name = "Pods-TESTS.debug.xcconfig"; path = "Target Support Files/Pods-TESTS/Pods-TESTS.debug.xcconfig"; sourceTree = "<group>"; };
		CBDFFD6D2807C5F0DCB88251 /* Pods-TESTS-TESTSUITests.debug.xcconfig */ = {isa = PBXFileReference; includeInIndex = 1; lastKnownFileType = text.xcconfig; name = "Pods-TESTS-TESTSUITests.debug.xcconfig"; path = "Target Support Files/Pods-TESTS-TESTSUITests/Pods-TESTS-TESTSUITests.debug.xcconfig"; sourceTree = "<group>"; };
		CC07DF55DB4608E38FF3A6F9 /* Pods-TESTSTests.debug.xcconfig */ = {isa = PBXFileReference; includeInIndex = 1; lastKnownFileType = text.xcconfig; name = "Pods-TESTSTests.debug.xcconfig"; path = "Target Support Files/Pods-TESTSTests/Pods-TESTSTests.debug.xcconfig"; sourceTree = "<group>"; };
/* End PBXFileReference section */

/* Begin PBXFrameworksBuildPhase section */
		3DDF72E623D3D4C6002E3DCA /* Frameworks */ = {
			isa = PBXFrameworksBuildPhase;
			buildActionMask = 2147483647;
			files = (
				2D1533CF401734F5C11B5AB9 /* Pods_TESTS.framework in Frameworks */,
			);
			runOnlyForDeploymentPostprocessing = 0;
		};
		3DDF72FF23D3D4C7002E3DCA /* Frameworks */ = {
			isa = PBXFrameworksBuildPhase;
			buildActionMask = 2147483647;
			files = (
				E8F843D464B2E88F7D7F8852 /* Pods_TESTSTests.framework in Frameworks */,
			);
			runOnlyForDeploymentPostprocessing = 0;
		};
		3DDF730A23D3D4C8002E3DCA /* Frameworks */ = {
			isa = PBXFrameworksBuildPhase;
			buildActionMask = 2147483647;
			files = (
				7E41E307B049E84FC5F52016 /* Pods_TESTS_TESTSUITests.framework in Frameworks */,
			);
			runOnlyForDeploymentPostprocessing = 0;
		};
/* End PBXFrameworksBuildPhase section */

/* Begin PBXGroup section */
		21235CC07B7D2F456097ACD2 /* Frameworks */ = {
			isa = PBXGroup;
			children = (
				AA54044FF1003BB8137B6EBC /* Pods_TESTS.framework */,
				46AD73308D5B9679CE8BEC1B /* Pods_TESTS_TESTSUITests.framework */,
				0325F001A9C4C6345B23AAB9 /* Pods_TESTSTests.framework */,
			);
			name = Frameworks;
			sourceTree = "<group>";
		};
		3DDF72E023D3D4C6002E3DCA = {
			isa = PBXGroup;
			children = (
				3DDF72EB23D3D4C6002E3DCA /* TESTS */,
				3DDF730523D3D4C7002E3DCA /* TESTSTests */,
				3DDF731023D3D4C8002E3DCA /* TESTSUITests */,
				3DDF72EA23D3D4C6002E3DCA /* Products */,
				E4D3CF5B3C01BAD981AC4907 /* Pods */,
				21235CC07B7D2F456097ACD2 /* Frameworks */,
			);
			sourceTree = "<group>";
		};
		3DDF72EA23D3D4C6002E3DCA /* Products */ = {
			isa = PBXGroup;
			children = (
				3DDF72E923D3D4C6002E3DCA /* TESTS.app */,
				3DDF730223D3D4C7002E3DCA /* TESTSTests.xctest */,
				3DDF730D23D3D4C8002E3DCA /* TESTSUITests.xctest */,
			);
			name = Products;
			sourceTree = "<group>";
		};
		3DDF72EB23D3D4C6002E3DCA /* TESTS */ = {
			isa = PBXGroup;
			children = (
				3DDF72EC23D3D4C6002E3DCA /* AppDelegate.swift */,
				3DDF72EE23D3D4C6002E3DCA /* SceneDelegate.swift */,
				3DDF72F023D3D4C6002E3DCA /* ViewController.swift */,
				3D24797924A587DB00D6FE43 /* Person.swift */,
				3D24797B24A587EA00D6FE43 /* Student.swift */,
				3DDF72F223D3D4C6002E3DCA /* Main.storyboard */,
				3DDF72F823D3D4C7002E3DCA /* Assets.xcassets */,
				3DDF72FA23D3D4C7002E3DCA /* LaunchScreen.storyboard */,
				3DDF72FD23D3D4C7002E3DCA /* Info.plist */,
				3DDF72F523D3D4C6002E3DCA /* TESTS.xcdatamodeld */,
			);
			path = TESTS;
			sourceTree = "<group>";
		};
		3DDF730523D3D4C7002E3DCA /* TESTSTests */ = {
			isa = PBXGroup;
			children = (
				3DDF730623D3D4C7002E3DCA /* TESTSTests.swift */,
				3DDF730823D3D4C8002E3DCA /* Info.plist */,
			);
			path = TESTSTests;
			sourceTree = "<group>";
		};
		3DDF731023D3D4C8002E3DCA /* TESTSUITests */ = {
			isa = PBXGroup;
			children = (
				3DDF731123D3D4C8002E3DCA /* TESTSUITests.swift */,
				3DDF731323D3D4C8002E3DCA /* Info.plist */,
			);
			path = TESTSUITests;
			sourceTree = "<group>";
		};
		E4D3CF5B3C01BAD981AC4907 /* Pods */ = {
			isa = PBXGroup;
			children = (
				C8A29E5C939D7B52B537C43C /* Pods-TESTS.debug.xcconfig */,
				70D9DC124B30E8271C88F6F2 /* Pods-TESTS.release.xcconfig */,
				CBDFFD6D2807C5F0DCB88251 /* Pods-TESTS-TESTSUITests.debug.xcconfig */,
				3CC64380F0355526E2CA8AC7 /* Pods-TESTS-TESTSUITests.release.xcconfig */,
				CC07DF55DB4608E38FF3A6F9 /* Pods-TESTSTests.debug.xcconfig */,
				22A8EB3D97C5940096429FF6 /* Pods-TESTSTests.release.xcconfig */,
			);
			path = Pods;
			sourceTree = "<group>";
		};
/* End PBXGroup section */

/* Begin PBXNativeTarget section */
		3DDF72E823D3D4C6002E3DCA /* TESTS */ = {
			isa = PBXNativeTarget;
			buildConfigurationList = 3DDF731623D3D4C8002E3DCA /* Build configuration list for PBXNativeTarget "TESTS" */;
			buildPhases = (
				7C71368FFA3FD8D48D6DC3F1 /* [CP] Check Pods Manifest.lock */,
				3DDF72E523D3D4C6002E3DCA /* Sources */,
				3DDF72E623D3D4C6002E3DCA /* Frameworks */,
				3DDF72E723D3D4C6002E3DCA /* Resources */,
				D4BB4E2EF25106058493DAE8 /* [CP] Embed Pods Frameworks */,
			);
			buildRules = (
			);
			dependencies = (
			);
			name = TESTS;
			productName = TESTS;
			productReference = 3DDF72E923D3D4C6002E3DCA /* TESTS.app */;
			productType = "com.apple.product-type.application";
		};
		3DDF730123D3D4C7002E3DCA /* TESTSTests */ = {
			isa = PBXNativeTarget;
			buildConfigurationList = 3DDF731923D3D4C8002E3DCA /* Build configuration list for PBXNativeTarget "TESTSTests" */;
			buildPhases = (
				4C6559E242702DEC0563D960 /* [CP] Check Pods Manifest.lock */,
				3DDF72FE23D3D4C7002E3DCA /* Sources */,
				3DDF72FF23D3D4C7002E3DCA /* Frameworks */,
				3DDF730023D3D4C7002E3DCA /* Resources */,
			);
			buildRules = (
			);
			dependencies = (
				3DDF730423D3D4C7002E3DCA /* PBXTargetDependency */,
			);
			name = TESTSTests;
			productName = TESTSTests;
			productReference = 3DDF730223D3D4C7002E3DCA /* TESTSTests.xctest */;
			productType = "com.apple.product-type.bundle.unit-test";
		};
		3DDF730C23D3D4C8002E3DCA /* TESTSUITests */ = {
			isa = PBXNativeTarget;
			buildConfigurationList = 3DDF731C23D3D4C8002E3DCA /* Build configuration list for PBXNativeTarget "TESTSUITests" */;
			buildPhases = (
				4802B0028F6BF70EBF514F92 /* [CP] Check Pods Manifest.lock */,
				3DDF730923D3D4C8002E3DCA /* Sources */,
				3DDF730A23D3D4C8002E3DCA /* Frameworks */,
				3DDF730B23D3D4C8002E3DCA /* Resources */,
				52E5DD4CD55C4F1FCFE47DD5 /* [CP] Embed Pods Frameworks */,
			);
			buildRules = (
			);
			dependencies = (
				3DDF730F23D3D4C8002E3DCA /* PBXTargetDependency */,
			);
			name = TESTSUITests;
			productName = TESTSUITests;
			productReference = 3DDF730D23D3D4C8002E3DCA /* TESTSUITests.xctest */;
			productType = "com.apple.product-type.bundle.ui-testing";
		};
/* End PBXNativeTarget section */

/* Begin PBXProject section */
		3DDF72E123D3D4C6002E3DCA /* Project object */ = {
			isa = PBXProject;
			attributes = {
				LastSwiftUpdateCheck = 1130;
				LastUpgradeCheck = 1130;
				ORGANIZATIONNAME = MoringStar;
				TargetAttributes = {
					3DDF72E823D3D4C6002E3DCA = {
						CreatedOnToolsVersion = 11.3;
					};
					3DDF730123D3D4C7002E3DCA = {
						CreatedOnToolsVersion = 11.3;
						TestTargetID = 3DDF72E823D3D4C6002E3DCA;
					};
					3DDF730C23D3D4C8002E3DCA = {
						CreatedOnToolsVersion = 11.3;
						TestTargetID = 3DDF72E823D3D4C6002E3DCA;
					};
				};
			};
			buildConfigurationList = 3DDF72E423D3D4C6002E3DCA /* Build configuration list for PBXProject "TESTS" */;
			compatibilityVersion = "Xcode 9.3";
			developmentRegion = en;
			hasScannedForEncodings = 0;
			knownRegions = (
				en,
				Base,
			);
			mainGroup = 3DDF72E023D3D4C6002E3DCA;
			productRefGroup = 3DDF72EA23D3D4C6002E3DCA /* Products */;
			projectDirPath = "";
			projectRoot = "";
			targets = (
				3DDF72E823D3D4C6002E3DCA /* TESTS */,
				3DDF730123D3D4C7002E3DCA /* TESTSTests */,
				3DDF730C23D3D4C8002E3DCA /* TESTSUITests */,
			);
		};
/* End PBXProject section */

/* Begin PBXResourcesBuildPhase section */
		3DDF72E723D3D4C6002E3DCA /* Resources */ = {
			isa = PBXResourcesBuildPhase;
			buildActionMask = 2147483647;
			files = (
				3DDF72FC23D3D4C7002E3DCA /* LaunchScreen.storyboard in Resources */,
				3DDF72F923D3D4C7002E3DCA /* Assets.xcassets in Resources */,
				3DDF72F423D3D4C6002E3DCA /* Main.storyboard in Resources */,
			);
			runOnlyForDeploymentPostprocessing = 0;
		};
		3DDF730023D3D4C7002E3DCA /* Resources */ = {
			isa = PBXResourcesBuildPhase;
			buildActionMask = 2147483647;
			files = (
			);
			runOnlyForDeploymentPostprocessing = 0;
		};
		3DDF730B23D3D4C8002E3DCA /* Resources */ = {
			isa = PBXResourcesBuildPhase;
			buildActionMask = 2147483647;
			files = (
			);
			runOnlyForDeploymentPostprocessing = 0;
		};
/* End PBXResourcesBuildPhase section */

/* Begin PBXShellScriptBuildPhase section */
		4802B0028F6BF70EBF514F92 /* [CP] Check Pods Manifest.lock */ = {
			isa = PBXShellScriptBuildPhase;
			buildActionMask = 2147483647;
			files = (
			);
			inputFileListPaths = (
			);
			inputPaths = (
				"${PODS_PODFILE_DIR_PATH}/Podfile.lock",
				"${PODS_ROOT}/Manifest.lock",
			);
			name = "[CP] Check Pods Manifest.lock";
			outputFileListPaths = (
			);
			outputPaths = (
				"$(DERIVED_FILE_DIR)/Pods-TESTS-TESTSUITests-checkManifestLockResult.txt",
			);
			runOnlyForDeploymentPostprocessing = 0;
			shellPath = /bin/sh;
			shellScript = "diff \"${PODS_PODFILE_DIR_PATH}/Podfile.lock\" \"${PODS_ROOT}/Manifest.lock\" > /dev/null\nif [ $? != 0 ] ; then\n    # print error to STDERR\n    echo \"error: The sandbox is not in sync with the Podfile.lock. Run 'pod install' or update your CocoaPods installation.\" >&2\n    exit 1\nfi\n# This output is used by Xcode 'outputs' to avoid re-running this script phase.\necho \"SUCCESS\" > \"${SCRIPT_OUTPUT_FILE_0}\"\n";
			showEnvVarsInLog = 0;
		};
		4C6559E242702DEC0563D960 /* [CP] Check Pods Manifest.lock */ = {
			isa = PBXShellScriptBuildPhase;
			buildActionMask = 2147483647;
			files = (
			);
			inputFileListPaths = (
			);
			inputPaths = (
				"${PODS_PODFILE_DIR_PATH}/Podfile.lock",
				"${PODS_ROOT}/Manifest.lock",
			);
			name = "[CP] Check Pods Manifest.lock";
			outputFileListPaths = (
			);
			outputPaths = (
				"$(DERIVED_FILE_DIR)/Pods-TESTSTests-checkManifestLockResult.txt",
			);
			runOnlyForDeploymentPostprocessing = 0;
			shellPath = /bin/sh;
			shellScript = "diff \"${PODS_PODFILE_DIR_PATH}/Podfile.lock\" \"${PODS_ROOT}/Manifest.lock\" > /dev/null\nif [ $? != 0 ] ; then\n    # print error to STDERR\n    echo \"error: The sandbox is not in sync with the Podfile.lock. Run 'pod install' or update your CocoaPods installation.\" >&2\n    exit 1\nfi\n# This output is used by Xcode 'outputs' to avoid re-running this script phase.\necho \"SUCCESS\" > \"${SCRIPT_OUTPUT_FILE_0}\"\n";
			showEnvVarsInLog = 0;
		};
		52E5DD4CD55C4F1FCFE47DD5 /* [CP] Embed Pods Frameworks */ = {
			isa = PBXShellScriptBuildPhase;
			buildActionMask = 2147483647;
			files = (
			);
			inputFileListPaths = (
				"${PODS_ROOT}/Target Support Files/Pods-TESTS-TESTSUITests/Pods-TESTS-TESTSUITests-frameworks-${CONFIGURATION}-input-files.xcfilelist",
			);
			name = "[CP] Embed Pods Frameworks";
			outputFileListPaths = (
				"${PODS_ROOT}/Target Support Files/Pods-TESTS-TESTSUITests/Pods-TESTS-TESTSUITests-frameworks-${CONFIGURATION}-output-files.xcfilelist",
			);
			runOnlyForDeploymentPostprocessing = 0;
			shellPath = /bin/sh;
			shellScript = "\"${PODS_ROOT}/Target Support Files/Pods-TESTS-TESTSUITests/Pods-TESTS-TESTSUITests-frameworks.sh\"\n";
			showEnvVarsInLog = 0;
		};
		7C71368FFA3FD8D48D6DC3F1 /* [CP] Check Pods Manifest.lock */ = {
			isa = PBXShellScriptBuildPhase;
			buildActionMask = 2147483647;
			files = (
			);
			inputFileListPaths = (
			);
			inputPaths = (
				"${PODS_PODFILE_DIR_PATH}/Podfile.lock",
				"${PODS_ROOT}/Manifest.lock",
			);
			name = "[CP] Check Pods Manifest.lock";
			outputFileListPaths = (
			);
			outputPaths = (
				"$(DERIVED_FILE_DIR)/Pods-TESTS-checkManifestLockResult.txt",
			);
			runOnlyForDeploymentPostprocessing = 0;
			shellPath = /bin/sh;
			shellScript = "diff \"${PODS_PODFILE_DIR_PATH}/Podfile.lock\" \"${PODS_ROOT}/Manifest.lock\" > /dev/null\nif [ $? != 0 ] ; then\n    # print error to STDERR\n    echo \"error: The sandbox is not in sync with the Podfile.lock. Run 'pod install' or update your CocoaPods installation.\" >&2\n    exit 1\nfi\n# This output is used by Xcode 'outputs' to avoid re-running this script phase.\necho \"SUCCESS\" > \"${SCRIPT_OUTPUT_FILE_0}\"\n";
			showEnvVarsInLog = 0;
		};
		D4BB4E2EF25106058493DAE8 /* [CP] Embed Pods Frameworks */ = {
			isa = PBXShellScriptBuildPhase;
			buildActionMask = 2147483647;
			files = (
			);
			inputFileListPaths = (
				"${PODS_ROOT}/Target Support Files/Pods-TESTS/Pods-TESTS-frameworks-${CONFIGURATION}-input-files.xcfilelist",
			);
			name = "[CP] Embed Pods Frameworks";
			outputFileListPaths = (
				"${PODS_ROOT}/Target Support Files/Pods-TESTS/Pods-TESTS-frameworks-${CONFIGURATION}-output-files.xcfilelist",
			);
			runOnlyForDeploymentPostprocessing = 0;
			shellPath = /bin/sh;
			shellScript = "\"${PODS_ROOT}/Target Support Files/Pods-TESTS/Pods-TESTS-frameworks.sh\"\n";
			showEnvVarsInLog = 0;
		};
/* End PBXShellScriptBuildPhase section */

/* Begin PBXSourcesBuildPhase section */
		3DDF72E523D3D4C6002E3DCA /* Sources */ = {
			isa = PBXSourcesBuildPhase;
			buildActionMask = 2147483647;
			files = (
				3D24797A24A587DB00D6FE43 /* Person.swift in Sources */,
				3D24797C24A587EA00D6FE43 /* Student.swift in Sources */,
				3DDF72F123D3D4C6002E3DCA /* ViewController.swift in Sources */,
				3DDF72F723D3D4C6002E3DCA /* TESTS.xcdatamodeld in Sources */,
				3DDF72ED23D3D4C6002E3DCA /* AppDelegate.swift in Sources */,
				3DDF72EF23D3D4C6002E3DCA /* SceneDelegate.swift in Sources */,
			);
			runOnlyForDeploymentPostprocessing = 0;
		};
		3DDF72FE23D3D4C7002E3DCA /* Sources */ = {
			isa = PBXSourcesBuildPhase;
			buildActionMask = 2147483647;
			files = (
				3DDF730723D3D4C7002E3DCA /* TESTSTests.swift in Sources */,
			);
			runOnlyForDeploymentPostprocessing = 0;
		};
		3DDF730923D3D4C8002E3DCA /* Sources */ = {
			isa = PBXSourcesBuildPhase;
			buildActionMask = 2147483647;
			files = (
				3DDF731223D3D4C8002E3DCA /* TESTSUITests.swift in Sources */,
			);
			runOnlyForDeploymentPostprocessing = 0;
		};
/* End PBXSourcesBuildPhase section */

/* Begin PBXTargetDependency section */
		3DDF730423D3D4C7002E3DCA /* PBXTargetDependency */ = {
			isa = PBXTargetDependency;
			target = 3DDF72E823D3D4C6002E3DCA /* TESTS */;
			targetProxy = 3DDF730323D3D4C7002E3DCA /* PBXContainerItemProxy */;
		};
		3DDF730F23D3D4C8002E3DCA /* PBXTargetDependency */ = {
			isa = PBXTargetDependency;
			target = 3DDF72E823D3D4C6002E3DCA /* TESTS */;
			targetProxy = 3DDF730E23D3D4C8002E3DCA /* PBXContainerItemProxy */;
		};
/* End PBXTargetDependency section */

/* Begin PBXVariantGroup section */
		3DDF72F223D3D4C6002E3DCA /* Main.storyboard */ = {
			isa = PBXVariantGroup;
			children = (
				3DDF72F323D3D4C6002E3DCA /* Base */,
			);
			name = Main.storyboard;
			sourceTree = "<group>";
		};
		3DDF72FA23D3D4C7002E3DCA /* LaunchScreen.storyboard */ = {
			isa = PBXVariantGroup;
			children = (
				3DDF72FB23D3D4C7002E3DCA /* Base */,
			);
			name = LaunchScreen.storyboard;
			sourceTree = "<group>";
		};
/* End PBXVariantGroup section */

/* Begin XCBuildConfiguration section */
		3DDF731423D3D4C8002E3DCA /* Debug */ = {
			isa = XCBuildConfiguration;
			buildSettings = {
				ALWAYS_SEARCH_USER_PATHS = NO;
				CLANG_ANALYZER_NONNULL = YES;
				CLANG_ANALYZER_NUMBER_OBJECT_CONVERSION = YES_AGGRESSIVE;
				CLANG_CXX_LANGUAGE_STANDARD = "gnu++14";
				CLANG_CXX_LIBRARY = "libc++";
				CLANG_ENABLE_MODULES = YES;
				CLANG_ENABLE_OBJC_ARC = YES;
				CLANG_ENABLE_OBJC_WEAK = YES;
				CLANG_WARN_BLOCK_CAPTURE_AUTORELEASING = YES;
				CLANG_WARN_BOOL_CONVERSION = YES;
				CLANG_WARN_COMMA = YES;
				CLANG_WARN_CONSTANT_CONVERSION = YES;
				CLANG_WARN_DEPRECATED_OBJC_IMPLEMENTATIONS = YES;
				CLANG_WARN_DIRECT_OBJC_ISA_USAGE = YES_ERROR;
				CLANG_WARN_DOCUMENTATION_COMMENTS = YES;
				CLANG_WARN_EMPTY_BODY = YES;
				CLANG_WARN_ENUM_CONVERSION = YES;
				CLANG_WARN_INFINITE_RECURSION = YES;
				CLANG_WARN_INT_CONVERSION = YES;
				CLANG_WARN_NON_LITERAL_NULL_CONVERSION = YES;
				CLANG_WARN_OBJC_IMPLICIT_RETAIN_SELF = YES;
				CLANG_WARN_OBJC_LITERAL_CONVERSION = YES;
				CLANG_WARN_OBJC_ROOT_CLASS = YES_ERROR;
				CLANG_WARN_RANGE_LOOP_ANALYSIS = YES;
				CLANG_WARN_STRICT_PROTOTYPES = YES;
				CLANG_WARN_SUSPICIOUS_MOVE = YES;
				CLANG_WARN_UNGUARDED_AVAILABILITY = YES_AGGRESSIVE;
				CLANG_WARN_UNREACHABLE_CODE = YES;
				CLANG_WARN__DUPLICATE_METHOD_MATCH = YES;
				COPY_PHASE_STRIP = NO;
				DEBUG_INFORMATION_FORMAT = dwarf;
				ENABLE_STRICT_OBJC_MSGSEND = YES;
				ENABLE_TESTABILITY = YES;
				GCC_C_LANGUAGE_STANDARD = gnu11;
				GCC_DYNAMIC_NO_PIC = NO;
				GCC_NO_COMMON_BLOCKS = YES;
				GCC_OPTIMIZATION_LEVEL = 0;
				GCC_PREPROCESSOR_DEFINITIONS = (
					"DEBUG=1",
					"$(inherited)",
				);
				GCC_WARN_64_TO_32_BIT_CONVERSION = YES;
				GCC_WARN_ABOUT_RETURN_TYPE = YES_ERROR;
				GCC_WARN_UNDECLARED_SELECTOR = YES;
				GCC_WARN_UNINITIALIZED_AUTOS = YES_AGGRESSIVE;
				GCC_WARN_UNUSED_FUNCTION = YES;
				GCC_WARN_UNUSED_VARIABLE = YES;
				IPHONEOS_DEPLOYMENT_TARGET = 13.2;
				MTL_ENABLE_DEBUG_INFO = INCLUDE_SOURCE;
				MTL_FAST_MATH = YES;
				ONLY_ACTIVE_ARCH = YES;
				SDKROOT = iphoneos;
				SWIFT_ACTIVE_COMPILATION_CONDITIONS = DEBUG;
				SWIFT_OPTIMIZATION_LEVEL = "-Onone";
			};
			name = Debug;
		};
		3DDF731523D3D4C8002E3DCA /* Release */ = {
			isa = XCBuildConfiguration;
			buildSettings = {
				ALWAYS_SEARCH_USER_PATHS = NO;
				CLANG_ANALYZER_NONNULL = YES;
				CLANG_ANALYZER_NUMBER_OBJECT_CONVERSION = YES_AGGRESSIVE;
				CLANG_CXX_LANGUAGE_STANDARD = "gnu++14";
				CLANG_CXX_LIBRARY = "libc++";
				CLANG_ENABLE_MODULES = YES;
				CLANG_ENABLE_OBJC_ARC = YES;
				CLANG_ENABLE_OBJC_WEAK = YES;
				CLANG_WARN_BLOCK_CAPTURE_AUTORELEASING = YES;
				CLANG_WARN_BOOL_CONVERSION = YES;
				CLANG_WARN_COMMA = YES;
				CLANG_WARN_CONSTANT_CONVERSION = YES;
				CLANG_WARN_DEPRECATED_OBJC_IMPLEMENTATIONS = YES;
				CLANG_WARN_DIRECT_OBJC_ISA_USAGE = YES_ERROR;
				CLANG_WARN_DOCUMENTATION_COMMENTS = YES;
				CLANG_WARN_EMPTY_BODY = YES;
				CLANG_WARN_ENUM_CONVERSION = YES;
				CLANG_WARN_INFINITE_RECURSION = YES;
				CLANG_WARN_INT_CONVERSION = YES;
				CLANG_WARN_NON_LITERAL_NULL_CONVERSION = YES;
				CLANG_WARN_OBJC_IMPLICIT_RETAIN_SELF = YES;
				CLANG_WARN_OBJC_LITERAL_CONVERSION = YES;
				CLANG_WARN_OBJC_ROOT_CLASS = YES_ERROR;
				CLANG_WARN_RANGE_LOOP_ANALYSIS = YES;
				CLANG_WARN_STRICT_PROTOTYPES = YES;
				CLANG_WARN_SUSPICIOUS_MOVE = YES;
				CLANG_WARN_UNGUARDED_AVAILABILITY = YES_AGGRESSIVE;
				CLANG_WARN_UNREACHABLE_CODE = YES;
				CLANG_WARN__DUPLICATE_METHOD_MATCH = YES;
				COPY_PHASE_STRIP = NO;
				DEBUG_INFORMATION_FORMAT = "dwarf-with-dsym";
				ENABLE_NS_ASSERTIONS = NO;
				ENABLE_STRICT_OBJC_MSGSEND = YES;
				GCC_C_LANGUAGE_STANDARD = gnu11;
				GCC_NO_COMMON_BLOCKS = YES;
				GCC_WARN_64_TO_32_BIT_CONVERSION = YES;
				GCC_WARN_ABOUT_RETURN_TYPE = YES_ERROR;
				GCC_WARN_UNDECLARED_SELECTOR = YES;
				GCC_WARN_UNINITIALIZED_AUTOS = YES_AGGRESSIVE;
				GCC_WARN_UNUSED_FUNCTION = YES;
				GCC_WARN_UNUSED_VARIABLE = YES;
				IPHONEOS_DEPLOYMENT_TARGET = 13.2;
				MTL_ENABLE_DEBUG_INFO = NO;
				MTL_FAST_MATH = YES;
				SDKROOT = iphoneos;
				SWIFT_COMPILATION_MODE = wholemodule;
				SWIFT_OPTIMIZATION_LEVEL = "-O";
				VALIDATE_PRODUCT = YES;
			};
			name = Release;
		};
		3DDF731723D3D4C8002E3DCA /* Debug */ = {
			isa = XCBuildConfiguration;
			baseConfigurationReference = C8A29E5C939D7B52B537C43C /* Pods-TESTS.debug.xcconfig */;
			buildSettings = {
				ASSETCATALOG_COMPILER_APPICON_NAME = AppIcon;
				CODE_SIGN_STYLE = Automatic;
				DEVELOPMENT_TEAM = 4GT6QWN3KX;
				INFOPLIST_FILE = TESTS/Info.plist;
				LD_RUNPATH_SEARCH_PATHS = (
					"$(inherited)",
					"@executable_path/Frameworks",
				);
				PRODUCT_BUNDLE_IDENTIFIER = com.Moring.ios.TESTS;
				PRODUCT_NAME = "$(TARGET_NAME)";
				SWIFT_VERSION = 5.0;
				TARGETED_DEVICE_FAMILY = "1,2";
			};
			name = Debug;
		};
		3DDF731823D3D4C8002E3DCA /* Release */ = {
			isa = XCBuildConfiguration;
			baseConfigurationReference = 70D9DC124B30E8271C88F6F2 /* Pods-TESTS.release.xcconfig */;
			buildSettings = {
				ASSETCATALOG_COMPILER_APPICON_NAME = AppIcon;
				CODE_SIGN_STYLE = Automatic;
				DEVELOPMENT_TEAM = 4GT6QWN3KX;
				INFOPLIST_FILE = TESTS/Info.plist;
				LD_RUNPATH_SEARCH_PATHS = (
					"$(inherited)",
					"@executable_path/Frameworks",
				);
				PRODUCT_BUNDLE_IDENTIFIER = com.Moring.ios.TESTS;
				PRODUCT_NAME = "$(TARGET_NAME)";
				SWIFT_VERSION = 5.0;
				TARGETED_DEVICE_FAMILY = "1,2";
			};
			name = Release;
		};
		3DDF731A23D3D4C8002E3DCA /* Debug */ = {
			isa = XCBuildConfiguration;
			baseConfigurationReference = CC07DF55DB4608E38FF3A6F9 /* Pods-TESTSTests.debug.xcconfig */;
			buildSettings = {
				ALWAYS_EMBED_SWIFT_STANDARD_LIBRARIES = YES;
				BUNDLE_LOADER = "$(TEST_HOST)";
				CODE_SIGN_STYLE = Automatic;
				DEVELOPMENT_TEAM = 4GT6QWN3KX;
				INFOPLIST_FILE = TESTSTests/Info.plist;
				IPHONEOS_DEPLOYMENT_TARGET = 13.2;
				LD_RUNPATH_SEARCH_PATHS = (
					"$(inherited)",
					"@executable_path/Frameworks",
					"@loader_path/Frameworks",
				);
				PRODUCT_BUNDLE_IDENTIFIER = com.Moring.ios.TESTSTests;
				PRODUCT_NAME = "$(TARGET_NAME)";
				SWIFT_VERSION = 5.0;
				TARGETED_DEVICE_FAMILY = "1,2";
				TEST_HOST = "$(BUILT_PRODUCTS_DIR)/TESTS.app/TESTS";
			};
			name = Debug;
		};
		3DDF731B23D3D4C8002E3DCA /* Release */ = {
			isa = XCBuildConfiguration;
			baseConfigurationReference = 22A8EB3D97C5940096429FF6 /* Pods-TESTSTests.release.xcconfig */;
			buildSettings = {
				ALWAYS_EMBED_SWIFT_STANDARD_LIBRARIES = YES;
				BUNDLE_LOADER = "$(TEST_HOST)";
				CODE_SIGN_STYLE = Automatic;
				DEVELOPMENT_TEAM = 4GT6QWN3KX;
				INFOPLIST_FILE = TESTSTests/Info.plist;
				IPHONEOS_DEPLOYMENT_TARGET = 13.2;
				LD_RUNPATH_SEARCH_PATHS = (
					"$(inherited)",
					"@executable_path/Frameworks",
					"@loader_path/Frameworks",
				);
				PRODUCT_BUNDLE_IDENTIFIER = com.Moring.ios.TESTSTests;
				PRODUCT_NAME = "$(TARGET_NAME)";
				SWIFT_VERSION = 5.0;
				TARGETED_DEVICE_FAMILY = "1,2";
				TEST_HOST = "$(BUILT_PRODUCTS_DIR)/TESTS.app/TESTS";
			};
			name = Release;
		};
		3DDF731D23D3D4C8002E3DCA /* Debug */ = {
			isa = XCBuildConfiguration;
			baseConfigurationReference = CBDFFD6D2807C5F0DCB88251 /* Pods-TESTS-TESTSUITests.debug.xcconfig */;
			buildSettings = {
				ALWAYS_EMBED_SWIFT_STANDARD_LIBRARIES = YES;
				CODE_SIGN_STYLE = Automatic;
				DEVELOPMENT_TEAM = 4GT6QWN3KX;
				INFOPLIST_FILE = TESTSUITests/Info.plist;
				LD_RUNPATH_SEARCH_PATHS = (
					"$(inherited)",
					"@executable_path/Frameworks",
					"@loader_path/Frameworks",
				);
				PRODUCT_BUNDLE_IDENTIFIER = com.Moring.ios.TESTSUITests;
				PRODUCT_NAME = "$(TARGET_NAME)";
				SWIFT_VERSION = 5.0;
				TARGETED_DEVICE_FAMILY = "1,2";
				TEST_TARGET_NAME = TESTS;
			};
			name = Debug;
		};
		3DDF731E23D3D4C8002E3DCA /* Release */ = {
			isa = XCBuildConfiguration;
			baseConfigurationReference = 3CC64380F0355526E2CA8AC7 /* Pods-TESTS-TESTSUITests.release.xcconfig */;
			buildSettings = {
				ALWAYS_EMBED_SWIFT_STANDARD_LIBRARIES = YES;
				CODE_SIGN_STYLE = Automatic;
				DEVELOPMENT_TEAM = 4GT6QWN3KX;
				INFOPLIST_FILE = TESTSUITests/Info.plist;
				LD_RUNPATH_SEARCH_PATHS = (
					"$(inherited)",
					"@executable_path/Frameworks",
					"@loader_path/Frameworks",
				);
				PRODUCT_BUNDLE_IDENTIFIER = com.Moring.ios.TESTSUITests;
				PRODUCT_NAME = "$(TARGET_NAME)";
				SWIFT_VERSION = 5.0;
				TARGETED_DEVICE_FAMILY = "1,2";
				TEST_TARGET_NAME = TESTS;
			};
			name = Release;
		};
/* End XCBuildConfiguration section */

/* Begin XCConfigurationList section */
		3DDF72E423D3D4C6002E3DCA /* Build configuration list for PBXProject "TESTS" */ = {
			isa = XCConfigurationList;
			buildConfigurations = (
				3DDF731423D3D4C8002E3DCA /* Debug */,
				3DDF731523D3D4C8002E3DCA /* Release */,
			);
			defaultConfigurationIsVisible = 0;
			defaultConfigurationName = Release;
		};
		3DDF731623D3D4C8002E3DCA /* Build configuration list for PBXNativeTarget "TESTS" */ = {
			isa = XCConfigurationList;
			buildConfigurations = (
				3DDF731723D3D4C8002E3DCA /* Debug */,
				3DDF731823D3D4C8002E3DCA /* Release */,
			);
			defaultConfigurationIsVisible = 0;
			defaultConfigurationName = Release;
		};
		3DDF731923D3D4C8002E3DCA /* Build configuration list for PBXNativeTarget "TESTSTests" */ = {
			isa = XCConfigurationList;
			buildConfigurations = (
				3DDF731A23D3D4C8002E3DCA /* Debug */,
				3DDF731B23D3D4C8002E3DCA /* Release */,
			);
			defaultConfigurationIsVisible = 0;
			defaultConfigurationName = Release;
		};
		3DDF731C23D3D4C8002E3DCA /* Build configuration list for PBXNativeTarget "TESTSUITests" */ = {
			isa = XCConfigurationList;
			buildConfigurations = (
				3DDF731D23D3D4C8002E3DCA /* Debug */,
				3DDF731E23D3D4C8002E3DCA /* Release */,
			);
			defaultConfigurationIsVisible = 0;
			defaultConfigurationName = Release;
		};
/* End XCConfigurationList section */

/* Begin XCVersionGroup section */
		3DDF72F523D3D4C6002E3DCA /* TESTS.xcdatamodeld */ = {
			isa = XCVersionGroup;
			children = (
				3DDF72F623D3D4C6002E3DCA /* TESTS.xcdatamodel */,
			);
			currentVersion = 3DDF72F623D3D4C6002E3DCA /* TESTS.xcdatamodel */;
			path = TESTS.xcdatamodeld;
			sourceTree = "<group>";
			versionGroupType = wrapper.xcdatamodel;
		};
/* End XCVersionGroup section */
	};
	rootObject = 3DDF72E123D3D4C6002E3DCA /* Project object */;
}
